<?xml version="1.0" encoding="utf-8"?>
<Project ToolsVersion="4.0" xmlns="http://schemas.microsoft.com/developer/msbuild/2003">
  <ItemGroup>
    <Filter Include="Source Files">
      <UniqueIdentifier>{4FC737F1-C7A5-4376-A066-2A32D752A2FF}</UniqueIdentifier>
      <Extensions>cpp;c;cc;cxx;def;odl;idl;hpj;bat;asm;asmx</Extensions>
    </Filter>
    <Filter Include="Header Files">
      <UniqueIdentifier>{93995380-89BD-4b04-88EB-625FBE52EBFB}</UniqueIdentifier>
      <Extensions>h;hh;hpp;hxx;hm;inl;inc;xsd</Extensions>
    </Filter>
    <Filter Include="Resource Files">
      <UniqueIdentifier>{67DA6AB6-F800-4c08-8B7A-83BB121AAD01}</UniqueIdentifier>
      <Extensions>rc;ico;cur;bmp;dlg;rc2;rct;bin;rgs;gif;jpg;jpeg;jpe;resx;tiff;tif;png;wav;mfcribbon-ms</Extensions>
    </Filter>
  </ItemGroup>
  <ItemGroup>
    <ClCompile Include="..\..\..\..\..\James%27s Stuff\Repos\Leetcode\Questions\Questions\main.cpp">
      <Filter>Source Files</Filter>
    </ClCompile>
    <ClCompile Include="001 - twoSum.cpp">
      <Filter>Source Files</Filter>
    </ClCompile>
    <ClCompile Include="..\..\..\..\..\James%27s Stuff\Repos\Leetcode\Questions\Questions\002 - addTwoNumbers.cpp">
      <Filter>Source Files</Filter>
    </ClCompile>
    <ClCompile Include="..\..\..\..\..\James%27s Stuff\Repos\Leetcode\Questions\Questions\412 - fizzBuzz.cpp">
      <Filter>Source Files</Filter>
    </ClCompile>
    <ClCompile Include="..\..\..\..\..\James%27s Stuff\Repos\Leetcode\Questions\Questions\003 - longestSubstringWithoutRepeatingCharacters.cpp">
      <Filter>Source Files</Filter>
    </ClCompile>
    <ClCompile Include="..\..\..\..\..\James%27s Stuff\Repos\Leetcode\Questions\Questions\292 - nimGame.cpp">
      <Filter>Source Files</Filter>
    </ClCompile>
    <ClCompile Include="..\..\..\..\..\James%27s Stuff\Repos\Leetcode\Questions\Questions\021 - mergeTwoSortedLists.cpp">
      <Filter>Source Files</Filter>
    </ClCompile>
    <ClCompile Include="..\..\..\..\..\James%27s Stuff\Repos\Leetcode\Questions\Questions\102 - binaryTreeLevelOrderTraversal.cpp">
      <Filter>Source Files</Filter>
    </ClCompile>
    <ClCompile Include="..\..\..\..\..\James%27s Stuff\Repos\Leetcode\Questions\Questions\137 - singleNumberII.cpp">
      <Filter>Source Files</Filter>
    </ClCompile>
    <ClCompile Include="..\..\..\..\..\James%27s Stuff\Repos\Leetcode\Questions\Questions\101 - symmetricTree.cpp">
      <Filter>Source Files</Filter>
    </ClCompile>
    <ClCompile Include="..\..\..\..\..\James%27s Stuff\Repos\Leetcode\Questions\Questions\100 - sameTree.cpp">
      <Filter>Source Files</Filter>
    </ClCompile>
    <ClCompile Include="..\..\..\..\..\James%27s Stuff\Repos\Leetcode\Questions\Questions\019 - removeNthNodeFromEndOfList.cpp">
      <Filter>Source Files</Filter>
    </ClCompile>
    <ClCompile Include="..\..\..\..\..\James%27s Stuff\Repos\Leetcode\Questions\Questions\020 - validParentheses.cpp">
      <Filter>Source Files</Filter>
    </ClCompile>
    <ClCompile Include="136 - singleNumber.cpp">
      <Filter>Source Files</Filter>
    </ClCompile>
    <ClCompile Include="..\..\..\..\..\James%27s Stuff\Repos\Leetcode\Questions\Questions\112 - pathSum.cpp">
      <Filter>Source Files</Filter>
    </ClCompile>
    <ClCompile Include="..\..\..\..\..\James%27s Stuff\Repos\Leetcode\Questions\Questions\113 - pathSumII.cpp">
      <Filter>Source Files</Filter>
    </ClCompile>
    <ClCompile Include="..\..\..\..\..\James%27s Stuff\Repos\Leetcode\Questions\Questions\141 - linkedListCycle.cpp">
      <Filter>Source Files</Filter>
    </ClCompile>
    <ClCompile Include="..\..\..\..\..\James%27s Stuff\Repos\Leetcode\Questions\Questions\142 - linkedListCycleII.cpp">
      <Filter>Source Files</Filter>
    </ClCompile>
    <ClCompile Include="..\..\..\..\..\James%27s Stuff\Repos\Leetcode\Questions\Questions\111 - minimumDepthOfBinaryTree.cpp">
      <Filter>Source Files</Filter>
    </ClCompile>
    <ClCompile Include="..\..\..\..\..\James%27s Stuff\Repos\Leetcode\Questions\Questions\056 - mergeIntervals.cpp">
      <Filter>Source Files</Filter>
    </ClCompile>
    <ClCompile Include="..\..\..\..\..\James%27s Stuff\Repos\Leetcode\Questions\Questions\054 - spiralMatrix.cpp">
      <Filter>Source Files</Filter>
    </ClCompile>
    <ClCompile Include="..\..\..\..\..\James%27s Stuff\Repos\Leetcode\Questions\Questions\055 - jumpGame.cpp">
      <Filter>Source Files</Filter>
    </ClCompile>
    <ClCompile Include="..\..\..\..\..\James%27s Stuff\Repos\Leetcode\Questions\Questions\293 - flipGame.cpp">
      <Filter>Source Files</Filter>
    </ClCompile>
    <ClCompile Include="..\..\..\..\..\James%27s Stuff\Repos\Leetcode\Questions\Questions\086 - partitionList.cpp">
      <Filter>Source Files</Filter>
    </ClCompile>
    <ClCompile Include="..\..\..\..\..\James%27s Stuff\Repos\Leetcode\Questions\Questions\114 - flattenBinaryTreeToLinkedList.cpp">
      <Filter>Source Files</Filter>
    </ClCompile>
    <ClCompile Include="..\..\..\..\..\James%27s Stuff\Repos\Leetcode\Questions\Questions\143 - reorderList.cpp">
      <Filter>Source Files</Filter>
    </ClCompile>
    <ClCompile Include="..\..\..\..\..\James%27s Stuff\Repos\Leetcode\Questions\Questions\028 - implementStrstr.cpp">
      <Filter>Source Files</Filter>
    </ClCompile>
    <ClCompile Include="..\..\..\..\..\James%27s Stuff\Repos\Leetcode\Questions\Questions\066 - plusOne.cpp">
      <Filter>Source Files</Filter>
    </ClCompile>
    <ClCompile Include="..\..\..\..\..\James%27s Stuff\Repos\Leetcode\Questions\Questions\070 - climbingStairs.cpp">
      <Filter>Source Files</Filter>
    </ClCompile>
    <ClCompile Include="..\..\..\..\..\James%27s Stuff\Repos\Leetcode\Questions\Questions\078 - subsets.cpp">
      <Filter>Source Files</Filter>
    </ClCompile>
    <ClCompile Include="..\..\..\..\..\James%27s Stuff\Repos\Leetcode\Questions\Questions\344 - reverseString.cpp">
      <Filter>Source Files</Filter>
    </ClCompile>
    <ClCompile Include="198 - houseRobber.cpp">
      <Filter>Source Files</Filter>
    </ClCompile>
    <ClCompile Include="..\..\..\..\..\James%27s Stuff\Repos\Leetcode\Questions\Questions\169 - majorityElement.cpp">
      <Filter>Source Files</Filter>
    </ClCompile>
    <ClCompile Include="..\..\..\..\..\James%27s Stuff\Repos\Leetcode\Questions\Questions\121 - bestTimeToBuyAndSellStock.cpp">
      <Filter>Source Files</Filter>
    </ClCompile>
    <ClCompile Include="..\..\..\..\..\James%27s Stuff\Repos\Leetcode\Questions\Questions\122 - bestTimeToBuyAndSellStockII.cpp">
      <Filter>Source Files</Filter>
    </ClCompile>
    <ClCompile Include="..\..\..\..\..\James%27s Stuff\Repos\Leetcode\Questions\Questions\237 - deleteNodeInALinkedList.cpp">
      <Filter>Source Files</Filter>
    </ClCompile>
    <ClCompile Include="..\..\..\..\..\James%27s Stuff\Repos\Leetcode\Questions\Questions\191 - numberOfOneBits.cpp">
      <Filter>Source Files</Filter>
    </ClCompile>
    <ClCompile Include="..\..\..\..\..\James%27s Stuff\Repos\Leetcode\Questions\Questions\014 - longestCommonPrefix.cpp">
      <Filter>Source Files</Filter>
    </ClCompile>
    <ClCompile Include="..\..\..\..\..\James%27s Stuff\Repos\Leetcode\Questions\Questions\226 - invertBinaryTree.cpp">
      <Filter>Source Files</Filter>
    </ClCompile>
    <ClCompile Include="..\..\..\..\..\James%27s Stuff\Repos\Leetcode\Questions\Questions\258 - addDigits.cpp">
      <Filter>Source Files</Filter>
    </ClCompile>
    <ClCompile Include="..\..\..\..\..\James%27s Stuff\Repos\Leetcode\Questions\Questions\104 - maximumDepthOfBinaryTree.cpp">
      <Filter>Source Files</Filter>
    </ClCompile>
  </ItemGroup>
  <ItemGroup>
    <ClInclude Include="001 - twoSum.h">
      <Filter>Source Files</Filter>
    </ClInclude>
    <ClInclude Include="..\..\..\..\..\James%27s Stuff\Repos\Leetcode\Questions\Questions\config.h">
      <Filter>Source Files</Filter>
    </ClInclude>
    <ClInclude Include="..\..\..\..\..\James%27s Stuff\Repos\Leetcode\Questions\Questions\002 - addTwoNumbers.h">
      <Filter>Source Files</Filter>
    </ClInclude>
    <ClInclude Include="..\..\..\..\..\James%27s Stuff\Repos\Leetcode\Questions\Questions\412 - fizzBuzz.h">
      <Filter>Source Files</Filter>
    </ClInclude>
    <ClInclude Include="..\..\..\..\..\James%27s Stuff\Repos\Leetcode\Questions\Questions\003 - longestSubstringWithoutRepeatingCharacters.h">
      <Filter>Source Files</Filter>
    </ClInclude>
    <ClInclude Include="..\..\..\..\..\James%27s Stuff\Repos\Leetcode\Questions\Questions\292 - nimGame.h">
      <Filter>Source Files</Filter>
    </ClInclude>
    <ClInclude Include="..\..\..\..\..\James%27s Stuff\Repos\Leetcode\Questions\Questions\021 - mergeTwoSortedLists.h">
      <Filter>Source Files</Filter>
    </ClInclude>
    <ClInclude Include="..\..\..\..\..\James%27s Stuff\Repos\Leetcode\Questions\Questions\102 - binaryTreeLevelOrderTraversal.h">
      <Filter>Source Files</Filter>
    </ClInclude>
    <ClInclude Include="..\..\..\..\..\James%27s Stuff\Repos\Leetcode\Questions\Questions\137 - singleNumberII.h">
      <Filter>Source Files</Filter>
    </ClInclude>
    <ClInclude Include="..\..\..\..\..\James%27s Stuff\Repos\Leetcode\Questions\Questions\101 - symmetricTree.h">
      <Filter>Source Files</Filter>
    </ClInclude>
    <ClInclude Include="..\..\..\..\..\James%27s Stuff\Repos\Leetcode\Questions\Questions\100 - sameTree.h">
      <Filter>Source Files</Filter>
    </ClInclude>
    <ClInclude Include="..\..\..\..\..\James%27s Stuff\Repos\Leetcode\Questions\Questions\019 - removeNthNodeFromEndOfList.h">
      <Filter>Source Files</Filter>
    </ClInclude>
    <ClInclude Include="..\..\..\..\..\James%27s Stuff\Repos\Leetcode\Questions\Questions\020 - validParentheses.h">
      <Filter>Source Files</Filter>
    </ClInclude>
    <ClInclude Include="136 - singleNumber.h">
      <Filter>Source Files</Filter>
    </ClInclude>
    <ClInclude Include="..\..\..\..\..\James%27s Stuff\Repos\Leetcode\Questions\Questions\112 - pathSum.h">
      <Filter>Source Files</Filter>
    </ClInclude>
    <ClInclude Include="..\..\..\..\..\James%27s Stuff\Repos\Leetcode\Questions\Questions\113 - pathSumII.h">
      <Filter>Source Files</Filter>
    </ClInclude>
    <ClInclude Include="..\..\..\..\..\James%27s Stuff\Repos\Leetcode\Questions\Questions\141 - linkedListCycle.h">
      <Filter>Source Files</Filter>
    </ClInclude>
    <ClInclude Include="..\..\..\..\..\James%27s Stuff\Repos\Leetcode\Questions\Questions\142 - linkedListCycleII.h">
      <Filter>Source Files</Filter>
    </ClInclude>
    <ClInclude Include="..\..\..\..\..\James%27s Stuff\Repos\Leetcode\Questions\Questions\111 - minimumDepthOfBinaryTree.h">
      <Filter>Source Files</Filter>
    </ClInclude>
    <ClInclude Include="..\..\..\..\..\James%27s Stuff\Repos\Leetcode\Questions\Questions\056 - mergeIntervals.h">
      <Filter>Source Files</Filter>
    </ClInclude>
    <ClInclude Include="..\..\..\..\..\James%27s Stuff\Repos\Leetcode\Questions\Questions\054 - spiralMatrix.h">
      <Filter>Source Files</Filter>
    </ClInclude>
    <ClInclude Include="..\..\..\..\..\James%27s Stuff\Repos\Leetcode\Questions\Questions\293 - flipGame.h">
      <Filter>Source Files</Filter>
    </ClInclude>
    <ClInclude Include="..\..\..\..\..\James%27s Stuff\Repos\Leetcode\Questions\Questions\086 - partitionList.h">
      <Filter>Source Files</Filter>
    </ClInclude>
    <ClInclude Include="..\..\..\..\..\James%27s Stuff\Repos\Leetcode\Questions\Questions\114 - flattenBinaryTreeToLinkedList.h">
      <Filter>Source Files</Filter>
    </ClInclude>
    <ClInclude Include="..\..\..\..\..\James%27s Stuff\Repos\Leetcode\Questions\Questions\143 - reorderList.h">
      <Filter>Source Files</Filter>
    </ClInclude>
    <ClInclude Include="..\..\..\..\..\James%27s Stuff\Repos\Leetcode\Questions\Questions\028 - implementStrstr.h">
      <Filter>Source Files</Filter>
    </ClInclude>
    <ClInclude Include="..\..\..\..\..\James%27s Stuff\Repos\Leetcode\Questions\Questions\066 - plusOne.h">
      <Filter>Source Files</Filter>
    </ClInclude>
    <ClInclude Include="..\..\..\..\..\James%27s Stuff\Repos\Leetcode\Questions\Questions\055 - jumpGame.h">
      <Filter>Source Files</Filter>
    </ClInclude>
    <ClInclude Include="..\..\..\..\..\James%27s Stuff\Repos\Leetcode\Questions\Questions\070 - climbingStairs.h">
      <Filter>Source Files</Filter>
    </ClInclude>
    <ClInclude Include="..\..\..\..\..\James%27s Stuff\Repos\Leetcode\Questions\Questions\078 - subsets.h">
      <Filter>Source Files</Filter>
    </ClInclude>
    <ClInclude Include="..\..\..\..\..\James%27s Stuff\Repos\Leetcode\Questions\Questions\344 - reverseString.h">
      <Filter>Source Files</Filter>
    </ClInclude>
    <ClInclude Include="198 - houseRobber.h">
      <Filter>Source Files</Filter>
    </ClInclude>
    <ClInclude Include="..\..\..\..\..\James%27s Stuff\Repos\Leetcode\Questions\Questions\169 - majorityElement.h">
      <Filter>Source Files</Filter>
    </ClInclude>
    <ClInclude Include="..\..\..\..\..\James%27s Stuff\Repos\Leetcode\Questions\Questions\121 - bestTimeToBuyAndSellStock.h">
      <Filter>Source Files</Filter>
    </ClInclude>
    <ClInclude Include="..\..\..\..\..\James%27s Stuff\Repos\Leetcode\Questions\Questions\122 - bestTimeToBuyAndSellStockII.h">
      <Filter>Source Files</Filter>
    </ClInclude>
    <ClInclude Include="..\..\..\..\..\James%27s Stuff\Repos\Leetcode\Questions\Questions\237 - deleteNodeInALinkedList.h">
      <Filter>Header Files</Filter>
    </ClInclude>
    <ClInclude Include="..\..\..\..\..\James%27s Stuff\Repos\Leetcode\Questions\Questions\191 - numberOfOneBits.h">
      <Filter>Source Files</Filter>
    </ClInclude>
    <ClInclude Include="..\..\..\..\..\James%27s Stuff\Repos\Leetcode\Questions\Questions\014 - longestCommonPrefix.h">
      <Filter>Source Files</Filter>
    </ClInclude>
    <ClInclude Include="..\..\..\..\..\James%27s Stuff\Repos\Leetcode\Questions\Questions\226 - invertBinaryTree.h">
      <Filter>Source Files</Filter>
    </ClInclude>
    <ClInclude Include="..\..\..\..\..\James%27s Stuff\Repos\Leetcode\Questions\Questions\258 - addDigits.h">
      <Filter>Source Files</Filter>
    </ClInclude>
    <ClInclude Include="..\..\..\..\..\James%27s Stuff\Repos\Leetcode\Questions\Questions\104 - maximumDepthOfBinaryTree.h">
      <Filter>Source Files</Filter>
    </ClInclude>
  </ItemGroup>
</Project>