<?xml version="1.0" encoding="utf-8"?>
<Project ToolsVersion="4.0" xmlns="http://schemas.microsoft.com/developer/msbuild/2003">
  <ItemGroup>
    <ClCompile Include="..\..\..\..\..\James%27s Stuff\Repos\Leetcode\Questions\Questions\002 - addTwoNumbers.cpp" />
    <ClCompile Include="..\..\..\..\..\James%27s Stuff\Repos\Leetcode\Questions\Questions\003 - longestSubstringWithoutRepeatingCharacters.cpp" />
    <ClCompile Include="..\..\..\..\..\James%27s Stuff\Repos\Leetcode\Questions\Questions\014 - longestCommonPrefix.cpp" />
    <ClCompile Include="..\..\..\..\..\James%27s Stuff\Repos\Leetcode\Questions\Questions\017 - letterCombinationsOfAPhoneNumber.cpp" />
    <ClCompile Include="..\..\..\..\..\James%27s Stuff\Repos\Leetcode\Questions\Questions\019 - removeNthNodeFromEndOfList.cpp" />
    <ClCompile Include="..\..\..\..\..\James%27s Stuff\Repos\Leetcode\Questions\Questions\020 - validParentheses.cpp" />
    <ClCompile Include="..\..\..\..\..\James%27s Stuff\Repos\Leetcode\Questions\Questions\021 - mergeTwoSortedLists.cpp" />
    <ClCompile Include="..\..\..\..\..\James%27s Stuff\Repos\Leetcode\Questions\Questions\028 - implementStrstr.cpp" />
    <ClCompile Include="..\..\..\..\..\James%27s Stuff\Repos\Leetcode\Questions\Questions\033 - searchInRotatedSortedArray.cpp" />
    <ClCompile Include="..\..\..\..\..\James%27s Stuff\Repos\Leetcode\Questions\Questions\054 - spiralMatrix.cpp" />
    <ClCompile Include="..\..\..\..\..\James%27s Stuff\Repos\Leetcode\Questions\Questions\055 - jumpGame.cpp" />
    <ClCompile Include="..\..\..\..\..\James%27s Stuff\Repos\Leetcode\Questions\Questions\056 - mergeIntervals.cpp" />
    <ClCompile Include="..\..\..\..\..\James%27s Stuff\Repos\Leetcode\Questions\Questions\066 - plusOne.cpp" />
    <ClCompile Include="..\..\..\..\..\James%27s Stuff\Repos\Leetcode\Questions\Questions\070 - climbingStairs.cpp" />
    <ClCompile Include="..\..\..\..\..\James%27s Stuff\Repos\Leetcode\Questions\Questions\075 - sortColors.cpp" />
    <ClCompile Include="..\..\..\..\..\James%27s Stuff\Repos\Leetcode\Questions\Questions\078 - subsets.cpp" />
    <ClCompile Include="..\..\..\..\..\James%27s Stuff\Repos\Leetcode\Questions\Questions\086 - partitionList.cpp" />
    <ClCompile Include="..\..\..\..\..\James%27s Stuff\Repos\Leetcode\Questions\Questions\104 - maximumDepthOfBinaryTree.cpp" />
    <ClCompile Include="..\..\..\..\..\James%27s Stuff\Repos\Leetcode\Questions\Questions\121 - bestTimeToBuyAndSellStock.cpp" />
    <ClCompile Include="..\..\..\..\..\James%27s Stuff\Repos\Leetcode\Questions\Questions\122 - bestTimeToBuyAndSellStockII.cpp" />
    <ClCompile Include="..\..\..\..\..\James%27s Stuff\Repos\Leetcode\Questions\Questions\153 - findMinimumInRotatedSortedArray.cpp" />
    <ClCompile Include="..\..\..\..\..\James%27s Stuff\Repos\Leetcode\Questions\Questions\169 - majorityElement.cpp" />
    <ClCompile Include="..\..\..\..\..\James%27s Stuff\Repos\Leetcode\Questions\Questions\191 - numberOfOneBits.cpp" />
    <ClCompile Include="..\..\..\..\..\James%27s Stuff\Repos\Leetcode\Questions\Questions\206 - reverseLinkedList.cpp" />
    <ClCompile Include="..\..\..\..\..\James%27s Stuff\Repos\Leetcode\Questions\Questions\215 - kthLargestElementInAnArray.cpp" />
    <ClCompile Include="..\..\..\..\..\James%27s Stuff\Repos\Leetcode\Questions\Questions\217 - containsDuplicate.cpp" />
    <ClCompile Include="..\..\..\..\..\James%27s Stuff\Repos\Leetcode\Questions\Questions\226 - invertBinaryTree.cpp" />
    <ClCompile Include="..\..\..\..\..\James%27s Stuff\Repos\Leetcode\Questions\Questions\234 - palindromeLinkedList.cpp" />
    <ClCompile Include="..\..\..\..\..\James%27s Stuff\Repos\Leetcode\Questions\Questions\236 - lowestCommonAncestorOfABinaryTree.cpp" />
    <ClCompile Include="..\..\..\..\..\James%27s Stuff\Repos\Leetcode\Questions\Questions\237 - deleteNodeInALinkedList.cpp" />
    <ClCompile Include="..\..\..\..\..\James%27s Stuff\Repos\Leetcode\Questions\Questions\238 - productOfArrayExceptSelf.cpp" />
    <ClCompile Include="..\..\..\..\..\James%27s Stuff\Repos\Leetcode\Questions\Questions\258 - addDigits.cpp" />
    <ClCompile Include="..\..\..\..\..\James%27s Stuff\Repos\Leetcode\Questions\Questions\278 - firstBadVersion.cpp" />
    <ClCompile Include="..\..\..\..\..\James%27s Stuff\Repos\Leetcode\Questions\Questions\328 - oddEvenLinkedList.cpp" />
    <ClCompile Include="..\..\..\..\..\James%27s Stuff\Repos\Leetcode\Questions\Questions\461 - hammingDistancecpp.cpp" />
    <ClCompile Include="198 - houseRobber.cpp" />
    <ClCompile Include="..\..\..\..\..\James%27s Stuff\Repos\Leetcode\Questions\Questions\111 - minimumDepthOfBinaryTree.cpp" />
    <ClCompile Include="..\..\..\..\..\James%27s Stuff\Repos\Leetcode\Questions\Questions\112 - pathSum.cpp" />
    <ClCompile Include="..\..\..\..\..\James%27s Stuff\Repos\Leetcode\Questions\Questions\113 - pathSumII.cpp" />
    <ClCompile Include="..\..\..\..\..\James%27s Stuff\Repos\Leetcode\Questions\Questions\114 - flattenBinaryTreeToLinkedList.cpp" />
    <ClCompile Include="..\..\..\..\..\James%27s Stuff\Repos\Leetcode\Questions\Questions\141 - linkedListCycle.cpp" />
    <ClCompile Include="..\..\..\..\..\James%27s Stuff\Repos\Leetcode\Questions\Questions\142 - linkedListCycleII.cpp" />
    <ClCompile Include="..\..\..\..\..\James%27s Stuff\Repos\Leetcode\Questions\Questions\143 - reorderList.cpp" />
    <ClCompile Include="..\..\..\..\..\James%27s Stuff\Repos\Leetcode\Questions\Questions\293 - flipGame.cpp" />
    <ClCompile Include="..\..\..\..\..\James%27s Stuff\Repos\Leetcode\Questions\Questions\344 - reverseString.cpp" />
    <ClCompile Include="136 - singleNumber.cpp" />
    <ClCompile Include="..\..\..\..\..\James%27s Stuff\Repos\Leetcode\Questions\Questions\100 - sameTree.cpp" />
    <ClCompile Include="..\..\..\..\..\James%27s Stuff\Repos\Leetcode\Questions\Questions\101 - symmetricTree.cpp" />
    <ClCompile Include="..\..\..\..\..\James%27s Stuff\Repos\Leetcode\Questions\Questions\102 - binaryTreeLevelOrderTraversal.cpp" />
    <ClCompile Include="..\..\..\..\..\James%27s Stuff\Repos\Leetcode\Questions\Questions\137 - singleNumberII.cpp" />
    <ClCompile Include="..\..\..\..\..\James%27s Stuff\Repos\Leetcode\Questions\Questions\292 - nimGame.cpp" />
    <ClCompile Include="..\..\..\..\..\James%27s Stuff\Repos\Leetcode\Questions\Questions\412 - fizzBuzz.cpp" />
    <ClCompile Include="..\..\..\..\..\James%27s Stuff\Repos\Leetcode\Questions\Questions\main.cpp" />
    <ClCompile Include="001 - twoSum.cpp" />
    <ClCompile Include="..\..\..\..\..\James%27s Stuff\Repos\Leetcode\Questions\Questions\074 - searchA2DMatrix.cpp" />
    <ClCompile Include="..\..\..\..\..\James%27s Stuff\Repos\Leetcode\Questions\Questions\098 - validateBinarySearchTree.cpp" />
    <ClCompile Include="..\..\..\..\..\James%27s Stuff\Repos\Leetcode\Questions\Questions\144 - binaryTreePreorderTraversal.cpp" />
    <ClCompile Include="..\..\..\..\..\James%27s Stuff\Repos\Leetcode\Questions\Questions\125 - validPalindrome.cpp" />
    <ClCompile Include="..\..\..\..\..\James%27s Stuff\Repos\Leetcode\Questions\Questions\129 - sumRootToLeafNumbers.cpp" />
    <ClCompile Include="..\..\..\..\..\James%27s Stuff\Repos\Leetcode\Questions\Questions\202 - happyNumber.cpp" />
    <ClCompile Include="..\..\..\..\..\James%27s Stuff\Repos\Leetcode\Questions\Questions\023 - mergeKSortedLists.cpp" />
    <ClCompile Include="..\..\..\..\..\James%27s Stuff\Repos\Leetcode\Questions\Questions\041 - firstMissingPositive.cpp" />
    <ClCompile Include="..\..\..\..\..\James%27s Stuff\Repos\Leetcode\Questions\Questions\057 - insertInterval.cpp" />
    <ClCompile Include="..\..\..\..\..\James%27s Stuff\Repos\Leetcode\Questions\Questions\045 - jumpGameII.cpp" />
  </ItemGroup>
  <ItemGroup>
    <ClInclude Include="..\..\..\..\..\James%27s Stuff\Repos\Leetcode\Questions\Questions\002 - addTwoNumbers.h" />
    <ClInclude Include="..\..\..\..\..\James%27s Stuff\Repos\Leetcode\Questions\Questions\003 - longestSubstringWithoutRepeatingCharacters.h" />
    <ClInclude Include="..\..\..\..\..\James%27s Stuff\Repos\Leetcode\Questions\Questions\014 - longestCommonPrefix.h" />
    <ClInclude Include="..\..\..\..\..\James%27s Stuff\Repos\Leetcode\Questions\Questions\017 - letterCombinationsOfAPhoneNumber.h" />
    <ClInclude Include="..\..\..\..\..\James%27s Stuff\Repos\Leetcode\Questions\Questions\019 - removeNthNodeFromEndOfList.h" />
    <ClInclude Include="..\..\..\..\..\James%27s Stuff\Repos\Leetcode\Questions\Questions\020 - validParentheses.h" />
    <ClInclude Include="..\..\..\..\..\James%27s Stuff\Repos\Leetcode\Questions\Questions\021 - mergeTwoSortedLists.h" />
    <ClInclude Include="..\..\..\..\..\James%27s Stuff\Repos\Leetcode\Questions\Questions\028 - implementStrstr.h" />
    <ClInclude Include="..\..\..\..\..\James%27s Stuff\Repos\Leetcode\Questions\Questions\033 - searchInRotatedSortedArray.h" />
    <ClInclude Include="..\..\..\..\..\James%27s Stuff\Repos\Leetcode\Questions\Questions\054 - spiralMatrix.h" />
    <ClInclude Include="..\..\..\..\..\James%27s Stuff\Repos\Leetcode\Questions\Questions\055 - jumpGame.h" />
    <ClInclude Include="..\..\..\..\..\James%27s Stuff\Repos\Leetcode\Questions\Questions\056 - mergeIntervals.h" />
    <ClInclude Include="..\..\..\..\..\James%27s Stuff\Repos\Leetcode\Questions\Questions\066 - plusOne.h" />
    <ClInclude Include="..\..\..\..\..\James%27s Stuff\Repos\Leetcode\Questions\Questions\070 - climbingStairs.h" />
    <ClInclude Include="..\..\..\..\..\James%27s Stuff\Repos\Leetcode\Questions\Questions\075 - sortColors.h" />
    <ClInclude Include="..\..\..\..\..\James%27s Stuff\Repos\Leetcode\Questions\Questions\078 - subsets.h" />
    <ClInclude Include="..\..\..\..\..\James%27s Stuff\Repos\Leetcode\Questions\Questions\086 - partitionList.h" />
    <ClInclude Include="..\..\..\..\..\James%27s Stuff\Repos\Leetcode\Questions\Questions\104 - maximumDepthOfBinaryTree.h" />
    <ClInclude Include="..\..\..\..\..\James%27s Stuff\Repos\Leetcode\Questions\Questions\121 - bestTimeToBuyAndSellStock.h" />
    <ClInclude Include="..\..\..\..\..\James%27s Stuff\Repos\Leetcode\Questions\Questions\122 - bestTimeToBuyAndSellStockII.h" />
    <ClInclude Include="..\..\..\..\..\James%27s Stuff\Repos\Leetcode\Questions\Questions\153 - findMinimumInRotatedSortedArray.h" />
    <ClInclude Include="..\..\..\..\..\James%27s Stuff\Repos\Leetcode\Questions\Questions\169 - majorityElement.h" />
    <ClInclude Include="..\..\..\..\..\James%27s Stuff\Repos\Leetcode\Questions\Questions\191 - numberOfOneBits.h" />
    <ClInclude Include="..\..\..\..\..\James%27s Stuff\Repos\Leetcode\Questions\Questions\206 - reverseLinkedList.h" />
    <ClInclude Include="..\..\..\..\..\James%27s Stuff\Repos\Leetcode\Questions\Questions\215 - kthLargestElementInAnArray.h" />
    <ClInclude Include="..\..\..\..\..\James%27s Stuff\Repos\Leetcode\Questions\Questions\217 - containsDuplicate.h" />
    <ClInclude Include="..\..\..\..\..\James%27s Stuff\Repos\Leetcode\Questions\Questions\226 - invertBinaryTree.h" />
    <ClInclude Include="..\..\..\..\..\James%27s Stuff\Repos\Leetcode\Questions\Questions\234 - palindromeLinkedList.h" />
    <ClInclude Include="..\..\..\..\..\James%27s Stuff\Repos\Leetcode\Questions\Questions\236 - lowestCommonAncestorOfABinaryTree.h" />
    <ClInclude Include="..\..\..\..\..\James%27s Stuff\Repos\Leetcode\Questions\Questions\237 - deleteNodeInALinkedList.h" />
    <ClInclude Include="..\..\..\..\..\James%27s Stuff\Repos\Leetcode\Questions\Questions\238 - productOfArrayExceptSelf.h" />
    <ClInclude Include="..\..\..\..\..\James%27s Stuff\Repos\Leetcode\Questions\Questions\258 - addDigits.h" />
    <ClInclude Include="..\..\..\..\..\James%27s Stuff\Repos\Leetcode\Questions\Questions\278 - firstBadVersion.h" />
    <ClInclude Include="..\..\..\..\..\James%27s Stuff\Repos\Leetcode\Questions\Questions\328 - oddEvenLinkedList.h" />
    <ClInclude Include="..\..\..\..\..\James%27s Stuff\Repos\Leetcode\Questions\Questions\461 - hammingDistance.h" />
    <ClInclude Include="198 - houseRobber.h" />
    <ClInclude Include="..\..\..\..\..\James%27s Stuff\Repos\Leetcode\Questions\Questions\111 - minimumDepthOfBinaryTree.h" />
    <ClInclude Include="..\..\..\..\..\James%27s Stuff\Repos\Leetcode\Questions\Questions\112 - pathSum.h" />
    <ClInclude Include="..\..\..\..\..\James%27s Stuff\Repos\Leetcode\Questions\Questions\113 - pathSumII.h" />
    <ClInclude Include="..\..\..\..\..\James%27s Stuff\Repos\Leetcode\Questions\Questions\114 - flattenBinaryTreeToLinkedList.h" />
    <ClInclude Include="..\..\..\..\..\James%27s Stuff\Repos\Leetcode\Questions\Questions\141 - linkedListCycle.h" />
    <ClInclude Include="..\..\..\..\..\James%27s Stuff\Repos\Leetcode\Questions\Questions\142 - linkedListCycleII.h" />
    <ClInclude Include="..\..\..\..\..\James%27s Stuff\Repos\Leetcode\Questions\Questions\143 - reorderList.h" />
    <ClInclude Include="..\..\..\..\..\James%27s Stuff\Repos\Leetcode\Questions\Questions\293 - flipGame.h" />
    <ClInclude Include="..\..\..\..\..\James%27s Stuff\Repos\Leetcode\Questions\Questions\344 - reverseString.h" />
    <ClInclude Include="136 - singleNumber.h" />
    <ClInclude Include="..\..\..\..\..\James%27s Stuff\Repos\Leetcode\Questions\Questions\100 - sameTree.h" />
    <ClInclude Include="..\..\..\..\..\James%27s Stuff\Repos\Leetcode\Questions\Questions\101 - symmetricTree.h" />
    <ClInclude Include="..\..\..\..\..\James%27s Stuff\Repos\Leetcode\Questions\Questions\102 - binaryTreeLevelOrderTraversal.h" />
    <ClInclude Include="..\..\..\..\..\James%27s Stuff\Repos\Leetcode\Questions\Questions\137 - singleNumberII.h" />
    <ClInclude Include="..\..\..\..\..\James%27s Stuff\Repos\Leetcode\Questions\Questions\292 - nimGame.h" />
    <ClInclude Include="..\..\..\..\..\James%27s Stuff\Repos\Leetcode\Questions\Questions\412 - fizzBuzz.h" />
    <ClInclude Include="..\..\..\..\..\James%27s Stuff\Repos\Leetcode\Questions\Questions\config.h" />
    <ClInclude Include="001 - twoSum.h" />
    <ClInclude Include="..\..\..\..\..\James%27s Stuff\Repos\Leetcode\Questions\Questions\074 - searchA2DMatrix.h" />
    <ClInclude Include="..\..\..\..\..\James%27s Stuff\Repos\Leetcode\Questions\Questions\098 - validateBinarySearchTree.h" />
    <ClInclude Include="..\..\..\..\..\James%27s Stuff\Repos\Leetcode\Questions\Questions\144 - binaryTreePreorderTraversal.h" />
    <ClInclude Include="..\..\..\..\..\James%27s Stuff\Repos\Leetcode\Questions\Questions\125 - validPalindrome.h" />
    <ClInclude Include="..\..\..\..\..\James%27s Stuff\Repos\Leetcode\Questions\Questions\129 - sumRootToLeafNumbers.h" />
    <ClInclude Include="..\..\..\..\..\James%27s Stuff\Repos\Leetcode\Questions\Questions\202 - happyNumber.h" />
    <ClInclude Include="..\..\..\..\..\James%27s Stuff\Repos\Leetcode\Questions\Questions\023 - mergeKSortedLists.h" />
    <ClInclude Include="..\..\..\..\..\James%27s Stuff\Repos\Leetcode\Questions\Questions\041 - firstMissingPositive.h" />
    <ClInclude Include="..\..\..\..\..\James%27s Stuff\Repos\Leetcode\Questions\Questions\057 - insertInterval.h" />
    <ClInclude Include="..\..\..\..\..\James%27s Stuff\Repos\Leetcode\Questions\Questions\045 - jumpGameII.h" />
  </ItemGroup>
  <ItemGroup>
    <None Include="..\..\..\..\..\James%27s Stuff\Repos\Leetcode\Questions\Questions\595 - bigCountries.sql" />
  </ItemGroup>
</Project>